
Microsoft Visual Studio Solution File, Format Version 12.00
# Visual Studio 15
VisualStudioVersion = 15.0.28307.421
MinimumVisualStudioVersion = 10.0.40219.1
Project("{FAE04EC0-301F-11D3-BF4B-00C04F79EFBC}") = "MVC", "MVC\MVC.csproj", "{FB8BCA47-6AE0-4574-BB7B-5F06E2E9C304}"
EndProject
Project("{FAE04EC0-301F-11D3-BF4B-00C04F79EFBC}") = "SimpleAdoReader", "SimpleAdo\SimpleAdoReader.csproj", "{ACE5396A-362F-4135-BF38-EEEE9B2DC55B}"
EndProject
Project("{FAE04EC0-301F-11D3-BF4B-00C04F79EFBC}") = "ExecuteReaderOps", "ExecuteReaderOps\ExecuteReaderOps.csproj", "{936B540C-F224-4C5B-9EF1-98DE271858B3}"
EndProject
Project("{FAE04EC0-301F-11D3-BF4B-00C04F79EFBC}") = "DisconnectedData", "DisconnectedData\DisconnectedData.csproj", "{2B63D1F8-6377-4134-863F-049DA473E7CD}"
EndProject
Project("{FAE04EC0-301F-11D3-BF4B-00C04F79EFBC}") = "WithParameters", "WithParameters\WithParameters.csproj", "{46DDA6BF-1A84-4ED9-9048-EAE8FE08DA7D}"
EndProject
Project("{FAE04EC0-301F-11D3-BF4B-00C04F79EFBC}") = "StoredProcedure", "StoredProcedure\StoredProcedure.csproj", "{71FCAC86-EBB4-4837-B381-9473F56B0D88}"
EndProject
Global
	GlobalSection(SolutionConfigurationPlatforms) = preSolution
		Debug|Any CPU = Debug|Any CPU
		Release|Any CPU = Release|Any CPU
	EndGlobalSection
	GlobalSection(ProjectConfigurationPlatforms) = postSolution
		{FB8BCA47-6AE0-4574-BB7B-5F06E2E9C304}.Debug|Any CPU.ActiveCfg = Debug|Any CPU
		{FB8BCA47-6AE0-4574-BB7B-5F06E2E9C304}.Debug|Any CPU.Build.0 = Debug|Any CPU
		{FB8BCA47-6AE0-4574-BB7B-5F06E2E9C304}.Release|Any CPU.ActiveCfg = Release|Any CPU
		{FB8BCA47-6AE0-4574-BB7B-5F06E2E9C304}.Release|Any CPU.Build.0 = Release|Any CPU
		{ACE5396A-362F-4135-BF38-EEEE9B2DC55B}.Debug|Any CPU.ActiveCfg = Debug|Any CPU
		{ACE5396A-362F-4135-BF38-EEEE9B2DC55B}.Debug|Any CPU.Build.0 = Debug|Any CPU
		{ACE5396A-362F-4135-BF38-EEEE9B2DC55B}.Release|Any CPU.ActiveCfg = Release|Any CPU
		{ACE5396A-362F-4135-BF38-EEEE9B2DC55B}.Release|Any CPU.Build.0 = Release|Any CPU
		{936B540C-F224-4C5B-9EF1-98DE271858B3}.Debug|Any CPU.ActiveCfg = Debug|Any CPU
		{936B540C-F224-4C5B-9EF1-98DE271858B3}.Debug|Any CPU.Build.0 = Debug|Any CPU
		{936B540C-F224-4C5B-9EF1-98DE271858B3}.Release|Any CPU.ActiveCfg = Release|Any CPU
		{936B540C-F224-4C5B-9EF1-98DE271858B3}.Release|Any CPU.Build.0 = Release|Any CPU
		{2B63D1F8-6377-4134-863F-049DA473E7CD}.Debug|Any CPU.ActiveCfg = Debug|Any CPU
		{2B63D1F8-6377-4134-863F-049DA473E7CD}.Debug|Any CPU.Build.0 = Debug|Any CPU
		{2B63D1F8-6377-4134-863F-049DA473E7CD}.Release|Any CPU.ActiveCfg = Release|Any CPU
		{2B63D1F8-6377-4134-863F-049DA473E7CD}.Release|Any CPU.Build.0 = Release|Any CPU
		{46DDA6BF-1A84-4ED9-9048-EAE8FE08DA7D}.Debug|Any CPU.ActiveCfg = Debug|Any CPU
		{46DDA6BF-1A84-4ED9-9048-EAE8FE08DA7D}.Debug|Any CPU.Build.0 = Debug|Any CPU
		{46DDA6BF-1A84-4ED9-9048-EAE8FE08DA7D}.Release|Any CPU.ActiveCfg = Release|Any CPU
		{46DDA6BF-1A84-4ED9-9048-EAE8FE08DA7D}.Release|Any CPU.Build.0 = Release|Any CPU
		{71FCAC86-EBB4-4837-B381-9473F56B0D88}.Debug|Any CPU.ActiveCfg = Debug|Any CPU
		{71FCAC86-EBB4-4837-B381-9473F56B0D88}.Debug|Any CPU.Build.0 = Debug|Any CPU
		{71FCAC86-EBB4-4837-B381-9473F56B0D88}.Release|Any CPU.ActiveCfg = Release|Any CPU
		{71FCAC86-EBB4-4837-B381-9473F56B0D88}.Release|Any CPU.Build.0 = Release|Any CPU
	EndGlobalSection
	GlobalSection(SolutionProperties) = preSolution
		HideSolutionNode = FALSE
	EndGlobalSection
	GlobalSection(ExtensibilityGlobals) = postSolution
		SolutionGuid = {379C0B5E-3151-4B77-AC02-36BFD71E7CCC}
	EndGlobalSection
EndGlobal
